
Microsoft Visual Studio Solution File, Format Version 12.00
# Visual Studio Version 16
VisualStudioVersion = 16.0.30717.126
MinimumVisualStudioVersion = 10.0.40219.1
Project("{FAE04EC0-301F-11D3-BF4B-00C04F79EFBC}") = "Yarng", "Yarng\Yarng.csproj", "{33DB7261-B65E-4FCA-9FAE-03FFD48240D8}"
EndProject
Global
	GlobalSection(SolutionConfigurationPlatforms) = preSolution
		Debug|Any CPU = Debug|Any CPU
		Debug|x64 = Debug|x64
		Release|Any CPU = Release|Any CPU
		Release|x64 = Release|x64
	EndGlobalSection
	GlobalSection(ProjectConfigurationPlatforms) = postSolution
		{33DB7261-B65E-4FCA-9FAE-03FFD48240D8}.Debug|Any CPU.ActiveCfg = Release|Any CPU
		{33DB7261-B65E-4FCA-9FAE-03FFD48240D8}.Debug|Any CPU.Build.0 = Release|Any CPU
		{33DB7261-B65E-4FCA-9FAE-03FFD48240D8}.Debug|x64.ActiveCfg = Debug|x64
		{33DB7261-B65E-4FCA-9FAE-03FFD48240D8}.Debug|x64.Build.0 = Debug|x64
		{33DB7261-B65E-4FCA-9FAE-03FFD48240D8}.Release|Any CPU.ActiveCfg = Release|Any CPU
		{33DB7261-B65E-4FCA-9FAE-03FFD48240D8}.Release|Any CPU.Build.0 = Release|Any CPU
		{33DB7261-B65E-4FCA-9FAE-03FFD48240D8}.Release|x64.ActiveCfg = Release|x64
		{33DB7261-B65E-4FCA-9FAE-03FFD48240D8}.Release|x64.Build.0 = Release|x64
	EndGlobalSection
	GlobalSection(SolutionProperties) = preSolution
		HideSolutionNode = FALSE
	EndGlobalSection
	GlobalSection(ExtensibilityGlobals) = postSolution
		SolutionGuid = {16F29784-72A0-4DDC-B3CA-0A992E2E16B0}
	EndGlobalSection
EndGlobal
